{
  "name": "ecrud",
  "version": "0.1.0",
  "dependencies": {
    "config": {
      "version": "0.4.30",
      "from": "config@0.4.30"
    },
    "connect": {
      "version": "2.9.0",
      "from": "connect@>=2.9.0",
      "dependencies": {
        "qs": {
          "version": "0.6.5",
          "from": "qs@0.6.5"
        },
        "cookie-signature": {
          "version": "1.0.1",
          "from": "cookie-signature@1.0.1"
        },
        "buffer-crc32": {
          "version": "0.2.1",
          "from": "buffer-crc32@0.2.1"
        },
        "cookie": {
          "version": "0.1.0",
          "from": "cookie@0.1.0"
        },
        "send": {
          "version": "0.1.4",
          "from": "send@0.1.4",
          "dependencies": {
            "mime": {
              "version": "1.2.11",
              "from": "mime@~1.2.9"
            },
            "range-parser": {
              "version": "0.0.4",
              "from": "range-parser@0.0.4"
            }
          }
        },
        "bytes": {
          "version": "0.2.0",
          "from": "bytes@0.2.0"
        },
        "fresh": {
          "version": "0.2.0",
          "from": "fresh@0.2.0"
        },
        "pause": {
          "version": "0.0.1",
          "from": "pause@0.0.1"
        },
        "uid2": {
          "version": "0.0.2",
          "from": "uid2@0.0.2"
        },
        "debug": {
          "version": "0.7.2",
          "from": "debug@*"
        },
        "methods": {
          "version": "0.0.1",
          "from": "methods@0.0.1"
        },
        "multiparty": {
          "version": "2.1.8",
          "from": "multiparty@2.1.8",
          "dependencies": {
            "readable-stream": {
              "version": "1.0.17",
              "from": "readable-stream@~1.0.2"
            },
            "stream-counter": {
              "version": "0.1.0",
              "from": "stream-counter@~0.1.0"
            }
          }
        }
      }
    },
    "connect-multipart-gridform": {
      "version": "0.1.4",
      "from": "https://registry.npmjs.org/connect-multipart-gridform/-/connect-multipart-gridform-0.1.4.tgz",
      "resolved": "https://registry.npmjs.org/connect-multipart-gridform/-/connect-multipart-gridform-0.1.4.tgz",
      "dependencies": {
        "connect": {
          "version": "2.7.2",
          "from": "https://registry.npmjs.org/connect/-/connect-2.7.2.tgz",
          "resolved": "https://registry.npmjs.org/connect/-/connect-2.7.2.tgz",
          "dependencies": {
            "qs": {
              "version": "0.5.1",
              "from": "https://registry.npmjs.org/qs/-/qs-0.5.1.tgz",
              "resolved": "https://registry.npmjs.org/qs/-/qs-0.5.1.tgz"
            },
            "formidable": {
              "version": "1.0.11",
              "from": "https://registry.npmjs.org/formidable/-/formidable-1.0.11.tgz",
              "resolved": "https://registry.npmjs.org/formidable/-/formidable-1.0.11.tgz"
            },
            "cookie-signature": {
              "version": "0.0.1",
              "from": "https://registry.npmjs.org/cookie-signature/-/cookie-signature-0.0.1.tgz",
              "resolved": "https://registry.npmjs.org/cookie-signature/-/cookie-signature-0.0.1.tgz"
            },
            "buffer-crc32": {
              "version": "0.1.1",
              "from": "https://registry.npmjs.org/buffer-crc32/-/buffer-crc32-0.1.1.tgz",
              "resolved": "https://registry.npmjs.org/buffer-crc32/-/buffer-crc32-0.1.1.tgz"
            },
            "cookie": {
              "version": "0.0.5",
              "from": "cookie@0.0.5"
            },
            "bytes": {
              "version": "0.1.0",
              "from": "https://registry.npmjs.org/bytes/-/bytes-0.1.0.tgz",
              "resolved": "https://registry.npmjs.org/bytes/-/bytes-0.1.0.tgz"
            },
            "send": {
              "version": "0.1.0",
              "from": "https://registry.npmjs.org/send/-/send-0.1.0.tgz",
              "dependencies": {
                "mime": {
                  "version": "1.2.6",
                  "from": "mime@1.2.6"
                },
                "range-parser": {
                  "version": "0.0.4",
                  "from": "range-parser@0.0.4"
                  "from": "https://registry.npmjs.org/range-parser/-/range-parser-0.0.4.tgz",
                  "resolved": "https://registry.npmjs.org/range-parser/-/range-parser-0.0.4.tgz"
                }
              }
            },
            "fresh": {
              "version": "0.1.0",
              "from": "fresh@0.1.0"
            },
            "pause": {
              "version": "0.0.1",
              "from": "pause@0.0.1"
              "from": "https://registry.npmjs.org/pause/-/pause-0.0.1.tgz",
              "resolved": "https://registry.npmjs.org/pause/-/pause-0.0.1.tgz"
            },
            "debug": {
              "version": "0.7.2",
              "from": "debug@0.7.2"
            }
          }
        },
        "gridform": {
          "version": "0.1.5",
          "from": "https://registry.npmjs.org/gridform/-/gridform-0.1.5.tgz",
          "resolved": "https://registry.npmjs.org/gridform/-/gridform-0.1.5.tgz",
          "dependencies": {
            "formidable": {
              "version": "1.0.11",
              "from": "https://registry.npmjs.org/formidable/-/formidable-1.0.11.tgz",
              "resolved": "https://registry.npmjs.org/formidable/-/formidable-1.0.11.tgz"
            },
            "gridfs-stream": {
              "version": "0.3.1",
              "from": "https://registry.npmjs.org/gridfs-stream/-/gridfs-stream-0.3.1.tgz",
              "resolved": "https://registry.npmjs.org/gridfs-stream/-/gridfs-stream-0.3.1.tgz"
            }
          }
        }
      }
    },
    "csv-json": {
      "version": "0.1.0",
      "from": "csv-json@0.1.0",
      "dependencies": {
        "csv": {
          "version": "0.3.6",
          "from": "csv@0.3.6"
        }
      }
    },
    "express": {
      "version": "3.4.0",
      "from": "express@3.4.0",
      "dependencies": {
        "connect": {
          "version": "2.9.0",
          "from": "https://registry.npmjs.org/connect/-/connect-2.9.0.tgz",
          "resolved": "https://registry.npmjs.org/connect/-/connect-2.9.0.tgz",
          "dependencies": {
            "qs": {
              "version": "0.6.5",
              "from": "https://registry.npmjs.org/qs/-/qs-0.6.5.tgz",
              "resolved": "https://registry.npmjs.org/qs/-/qs-0.6.5.tgz"
            },
            "bytes": {
              "version": "0.2.0",
              "from": "https://registry.npmjs.org/bytes/-/bytes-0.2.0.tgz",
              "resolved": "https://registry.npmjs.org/bytes/-/bytes-0.2.0.tgz"
            },
            "pause": {
              "version": "0.0.1",
              "from": "https://registry.npmjs.org/pause/-/pause-0.0.1.tgz",
              "resolved": "https://registry.npmjs.org/pause/-/pause-0.0.1.tgz"
            },
            "uid2": {
              "version": "0.0.2",
              "from": "https://registry.npmjs.org/uid2/-/uid2-0.0.2.tgz",
              "resolved": "https://registry.npmjs.org/uid2/-/uid2-0.0.2.tgz"
            },
            "multiparty": {
              "version": "2.1.8",
              "from": "https://registry.npmjs.org/multiparty/-/multiparty-2.1.8.tgz",
              "resolved": "https://registry.npmjs.org/multiparty/-/multiparty-2.1.8.tgz",
              "dependencies": {
                "readable-stream": {
                  "version": "1.0.17",
                  "from": "readable-stream@1.0.17"
                },
                "stream-counter": {
                  "version": "0.1.0",
                  "from": "stream-counter@0.1.0"
                }
              }
            }
          }
        },
        "commander": {
          "version": "1.2.0",
          "from": "https://registry.npmjs.org/commander/-/commander-1.2.0.tgz",
          "resolved": "https://registry.npmjs.org/commander/-/commander-1.2.0.tgz",
          "dependencies": {
            "keypress": {
              "version": "0.1.0",
              "from": "keypress@0.1.0"
            }
          }
        },
        "range-parser": {
          "version": "0.0.4",
          "from": "range-parser@0.0.4"
          "from": "https://registry.npmjs.org/range-parser/-/range-parser-0.0.4.tgz",
          "resolved": "https://registry.npmjs.org/range-parser/-/range-parser-0.0.4.tgz"
        },
        "mkdirp": {
          "version": "0.3.5",
          "from": "https://registry.npmjs.org/mkdirp/-/mkdirp-0.3.5.tgz",
          "resolved": "https://registry.npmjs.org/mkdirp/-/mkdirp-0.3.5.tgz"
        },
        "cookie": {
          "version": "0.1.0",
          "from": "cookie@0.1.0"
          "from": "https://registry.npmjs.org/cookie/-/cookie-0.1.0.tgz",
          "resolved": "https://registry.npmjs.org/cookie/-/cookie-0.1.0.tgz"
        },
        "buffer-crc32": {
          "version": "0.2.1",
          "from": "buffer-crc32@0.2.1"
          "from": "https://registry.npmjs.org/buffer-crc32/-/buffer-crc32-0.2.1.tgz",
          "resolved": "https://registry.npmjs.org/buffer-crc32/-/buffer-crc32-0.2.1.tgz"
        },
        "fresh": {
          "version": "0.2.0",
          "from": "fresh@0.2.0"
          "from": "https://registry.npmjs.org/fresh/-/fresh-0.2.0.tgz",
          "resolved": "https://registry.npmjs.org/fresh/-/fresh-0.2.0.tgz"
        },
        "methods": {
          "version": "0.0.1",
          "from": "methods@0.0.1"
          "from": "https://registry.npmjs.org/methods/-/methods-0.0.1.tgz",
          "resolved": "https://registry.npmjs.org/methods/-/methods-0.0.1.tgz"
        },
        "send": {
          "version": "0.1.4",
          "from": "https://registry.npmjs.org/send/-/send-0.1.4.tgz",
          "dependencies": {
            "mime": {
              "version": "1.2.11",
              "from": "mime@1.2.11"
            }
          }
        },
        "cookie-signature": {
          "version": "1.0.1",
          "from": "cookie-signature@1.0.1"
        },
        "debug": {
          "version": "0.7.2",
          "from": "debug@0.7.2"
        }
      }
    },
    "forever": {
      "version": "0.10.8",
      "from": "forever@0.10.8",
      "dependencies": {
        "colors": {
          "version": "0.6.0-1",
          "from": "https://registry.npmjs.org/colors/-/colors-0.6.0-1.tgz",
          "resolved": "https://registry.npmjs.org/colors/-/colors-0.6.0-1.tgz"
        },
        "cliff": {
          "version": "0.1.8",
          "from": "https://registry.npmjs.org/cliff/-/cliff-0.1.8.tgz",
          "resolved": "https://registry.npmjs.org/cliff/-/cliff-0.1.8.tgz",
          "dependencies": {
            "eyes": {
              "version": "0.1.8",
              "from": "eyes@0.1.8"
            },
            "winston": {
              "version": "0.6.2",
              "from": "winston@0.6.2",
              "dependencies": {
                "async": {
                  "version": "0.1.22",
                  "from": "async@0.1.22"
                },
                "cycle": {
                  "version": "1.0.2",
                  "from": "cycle@1.0.2"
                },
                "pkginfo": {
                  "version": "0.2.3",
                  "from": "pkginfo@0.2.3"
                },
                "request": {
                  "version": "2.9.203",
                  "from": "request@2.9.203"
                },
                "stack-trace": {
                  "version": "0.0.7",
                  "from": "stack-trace@0.0.7"
                }
              }
            }
          }
        },
        "flatiron": {
          "version": "0.3.5",
          "from": "https://registry.npmjs.org/flatiron/-/flatiron-0.3.5.tgz",
          "resolved": "https://registry.npmjs.org/flatiron/-/flatiron-0.3.5.tgz",
          "dependencies": {
            "broadway": {
              "version": "0.2.7",
              "from": "https://registry.npmjs.org/broadway/-/broadway-0.2.7.tgz",
              "resolved": "https://registry.npmjs.org/broadway/-/broadway-0.2.7.tgz",
              "dependencies": {
                "eventemitter2": {
                  "version": "0.4.11",
                  "from": "https://registry.npmjs.org/eventemitter2/-/eventemitter2-0.4.11.tgz",
                  "resolved": "https://registry.npmjs.org/eventemitter2/-/eventemitter2-0.4.11.tgz"
                },
                "winston": {
                  "version": "0.6.2",
                  "from": "winston@0.6.2",
                  "dependencies": {
                    "async": {
                      "version": "0.1.22",
                      "from": "async@0.1.22"
                    },
                    "cycle": {
                      "version": "1.0.2",
                      "from": "cycle@1.0.2"
                    },
                    "eyes": {
                      "version": "0.1.8",
                      "from": "eyes@0.1.8"
                    },
                    "pkginfo": {
                      "version": "0.2.3",
                      "from": "pkginfo@0.2.3"
                    },
                    "request": {
                      "version": "2.9.203",
                      "from": "request@2.9.203"
                    },
                    "stack-trace": {
                      "version": "0.0.7",
                      "from": "stack-trace@0.0.7"
                    }
                  }
                }
              }
            },
            "optimist": {
              "version": "0.3.5",
              "from": "https://registry.npmjs.org/optimist/-/optimist-0.3.5.tgz",
              "resolved": "https://registry.npmjs.org/optimist/-/optimist-0.3.5.tgz",
              "dependencies": {
                "wordwrap": {
                  "version": "0.0.2",
                  "from": "wordwrap@0.0.2"
                }
              }
            },
            "prompt": {
              "version": "0.2.9",
              "from": "https://registry.npmjs.org/prompt/-/prompt-0.2.9.tgz",
              "resolved": "https://registry.npmjs.org/prompt/-/prompt-0.2.9.tgz",
              "dependencies": {
                "read": {
                  "version": "1.0.5",
                  "from": "read@1.0.5",
                  "dependencies": {
                    "mute-stream": {
                      "version": "0.0.4",
                      "from": "mute-stream@0.0.4"
                    }
                  }
                },
                "revalidator": {
                  "version": "0.1.5",
                  "from": "revalidator@0.1.5"
                },
                "winston": {
                  "version": "0.6.2",
                  "from": "https://registry.npmjs.org/winston/-/winston-0.6.2.tgz",
                  "dependencies": {
                    "async": {
                      "version": "0.1.22",
                      "from": "async@0.1.22"
                    },
                    "cycle": {
                      "version": "1.0.2",
                      "from": "cycle@1.0.2"
                    },
                    "eyes": {
                      "version": "0.1.8",
                      "from": "eyes@0.1.8"
                    },
                    "pkginfo": {
                      "version": "0.2.3",
                      "from": "pkginfo@0.2.3"
                    },
                    "request": {
                      "version": "2.9.203",
                      "from": "request@2.9.203"
                    },
                    "stack-trace": {
                      "version": "0.0.7",
                      "from": "stack-trace@0.0.7"
                    }
                  }
                }
              }
            },
            "director": {
              "version": "1.1.10",
              "from": "https://registry.npmjs.org/director/-/director-1.1.10.tgz",
              "resolved": "https://registry.npmjs.org/director/-/director-1.1.10.tgz"
            }
          }
        },
        "forever-monitor": {
          "version": "1.2.2",
          "from": "https://registry.npmjs.org/forever-monitor/-/forever-monitor-1.2.2.tgz",
          "resolved": "https://registry.npmjs.org/forever-monitor/-/forever-monitor-1.2.2.tgz",
          "dependencies": {
            "broadway": {
              "version": "0.2.7",
              "from": "https://registry.npmjs.org/broadway/-/broadway-0.2.7.tgz",
              "resolved": "https://registry.npmjs.org/broadway/-/broadway-0.2.7.tgz",
              "dependencies": {
                "eventemitter2": {
                  "version": "0.4.11",
                  "from": "https://registry.npmjs.org/eventemitter2/-/eventemitter2-0.4.11.tgz",
                  "resolved": "https://registry.npmjs.org/eventemitter2/-/eventemitter2-0.4.11.tgz"
                },
                "winston": {
                  "version": "0.6.2",
                  "from": "winston@0.6.2",
                  "dependencies": {
                    "async": {
                      "version": "0.1.22",
                      "from": "async@0.1.22"
                    },
                    "cycle": {
                      "version": "1.0.2",
                      "from": "cycle@1.0.2"
                    },
                    "eyes": {
                      "version": "0.1.8",
                      "from": "eyes@0.1.8"
                    },
                    "pkginfo": {
                      "version": "0.2.3",
                      "from": "pkginfo@0.2.3"
                    },
                    "request": {
                      "version": "2.9.203",
                      "from": "request@2.9.203"
                    },
                    "stack-trace": {
                      "version": "0.0.7",
                      "from": "stack-trace@0.0.7"
                    }
                  }
                }
              }
            },
            "minimatch": {
              "version": "0.0.5",
              "from": "minimatch@0.0.5",
              "dependencies": {
                "lru-cache": {
                  "version": "1.0.6",
                  "from": "lru-cache@1.0.6"
                }
              }
            },
            "ps-tree": {
              "version": "0.0.3",
              "from": "ps-tree@0.0.3",
              "dependencies": {
                "event-stream": {
                  "version": "0.5.3",
                  "from": "event-stream@0.5.3",
                  "dependencies": {
                    "optimist": {
                      "version": "0.2.8",
                      "from": "optimist@0.2.8",
                      "dependencies": {
                        "wordwrap": {
                          "version": "0.0.2",
                          "from": "wordwrap@0.0.2"
                        }
                      }
                    }
                  }
                }
              }
            },
            "watch": {
              "version": "0.5.1",
              "from": "watch@0.5.1"
            }
          }
        },
        "nconf": {
          "version": "0.6.7",
          "from": "https://registry.npmjs.org/nconf/-/nconf-0.6.7.tgz",
          "resolved": "https://registry.npmjs.org/nconf/-/nconf-0.6.7.tgz",
          "dependencies": {
            "async": {
              "version": "0.1.22",
              "from": "async@0.1.22"
            },
            "ini": {
              "version": "1.1.0",
              "from": "ini@1.1.0"
            },
            "optimist": {
              "version": "0.3.7",
              "from": "optimist@0.3.7",
              "dependencies": {
                "wordwrap": {
                  "version": "0.0.2",
                  "from": "wordwrap@0.0.2"
                }
              }
            },
            "pkginfo": {
              "version": "0.2.3",
              "from": "pkginfo@0.2.3"
            }
          }
        },
        "nssocket": {
          "version": "0.5.1",
          "from": "nssocket@0.5.1",
          "dependencies": {
            "eventemitter2": {
              "version": "0.4.13",
              "from": "eventemitter2@0.4.13"
            },
            "lazy": {
              "version": "1.0.11",
              "from": "lazy@1.0.11"
            }
          }
        },
        "optimist": {
          "version": "0.4.0",
          "from": "https://registry.npmjs.org/optimist/-/optimist-0.4.0.tgz",
          "resolved": "https://registry.npmjs.org/optimist/-/optimist-0.4.0.tgz",
          "dependencies": {
            "wordwrap": {
              "version": "0.0.2",
              "from": "wordwrap@0.0.2"
            }
          }
        },
        "pkginfo": {
          "version": "0.3.0",
          "from": "https://registry.npmjs.org/pkginfo/-/pkginfo-0.3.0.tgz",
          "resolved": "https://registry.npmjs.org/pkginfo/-/pkginfo-0.3.0.tgz"
        },
        "timespan": {
          "version": "2.0.1",
          "from": "https://registry.npmjs.org/timespan/-/timespan-2.0.1.tgz",
          "resolved": "https://registry.npmjs.org/timespan/-/timespan-2.0.1.tgz"
        },
        "watch": {
          "version": "0.7.0",
          "from": "https://registry.npmjs.org/watch/-/watch-0.7.0.tgz",
          "resolved": "https://registry.npmjs.org/watch/-/watch-0.7.0.tgz"
        },
        "utile": {
          "version": "0.1.7",
          "from": "https://registry.npmjs.org/utile/-/utile-0.1.7.tgz",
          "resolved": "https://registry.npmjs.org/utile/-/utile-0.1.7.tgz",
          "dependencies": {
            "async": {
              "version": "0.1.22",
              "from": "async@0.1.22"
            },
            "deep-equal": {
              "version": "0.0.0",
              "from": "deep-equal@0.0.0"
            },
            "i": {
              "version": "0.3.2",
              "from": "i@0.3.2"
            },
            "mkdirp": {
              "version": "0.3.5",
              "from": "https://registry.npmjs.org/mkdirp/-/mkdirp-0.3.5.tgz",
              "resolved": "https://registry.npmjs.org/mkdirp/-/mkdirp-0.3.5.tgz"
            },
            "ncp": {
              "version": "0.2.7",
              "from": "ncp@0.2.7"
            },
            "rimraf": {
              "version": "1.0.9",
              "from": "rimraf@1.0.9"
            }
          }
        },
        "winston": {
          "version": "0.7.1",
          "from": "https://registry.npmjs.org/winston/-/winston-0.7.1.tgz",
          "resolved": "https://registry.npmjs.org/winston/-/winston-0.7.1.tgz",
          "dependencies": {
            "async": {
              "version": "0.2.9",
              "from": "async@0.2.9"
            },
            "cycle": {
              "version": "1.0.2",
              "from": "cycle@1.0.2"
            },
            "eyes": {
              "version": "0.1.8",
              "from": "eyes@0.1.8"
            },
            "request": {
              "version": "2.16.6",
              "from": "request@2.16.6",
              "dependencies": {
                "form-data": {
                  "version": "0.0.10",
                  "from": "form-data@0.0.10",
                  "dependencies": {
                    "combined-stream": {
                      "version": "0.0.4",
                      "from": "combined-stream@0.0.4",
                      "dependencies": {
                        "delayed-stream": {
                          "version": "0.0.5",
                          "from": "delayed-stream@0.0.5"
                        }
                      }
                    }
                  }
                },
                "mime": {
                  "version": "1.2.11",
                  "from": "mime@1.2.11"
                },
                "hawk": {
                  "version": "0.10.2",
                  "from": "hawk@0.10.2",
                  "dependencies": {
                    "hoek": {
                      "version": "0.7.6",
                      "from": "hoek@0.7.6"
                    },
                    "boom": {
                      "version": "0.3.8",
                      "from": "boom@0.3.8"
                    },
                    "cryptiles": {
                      "version": "0.1.3",
                      "from": "cryptiles@0.1.3"
                    },
                    "sntp": {
                      "version": "0.1.4",
                      "from": "sntp@0.1.4"
                    }
                  }
                },
                "node-uuid": {
                  "version": "1.4.1",
                  "from": "node-uuid@1.4.1"
                },
                "cookie-jar": {
                  "version": "0.2.0",
                  "from": "cookie-jar@0.2.0"
                },
                "aws-sign": {
                  "version": "0.2.0",
                  "from": "aws-sign@0.2.0"
                },
                "oauth-sign": {
                  "version": "0.2.0",
                  "from": "oauth-sign@0.2.0"
                },
                "forever-agent": {
                  "version": "0.2.0",
                  "from": "forever-agent@0.2.0"
                },
                "tunnel-agent": {
                  "version": "0.2.0",
                  "from": "tunnel-agent@0.2.0"
                },
                "json-stringify-safe": {
                  "version": "3.0.0",
                  "from": "json-stringify-safe@3.0.0"
                },
                "qs": {
                  "version": "0.5.6",
                  "from": "qs@0.5.6"
                }
              }
            },
            "stack-trace": {
              "version": "0.0.7",
              "from": "stack-trace@0.0.7"
            }
          }
        }
      }
    },
    "form2json": {
      "version": "0.0.4",
      "from": "form2json@0.0.4"
    },
    "jsesc": {
      "version": "0.4.2",
      "from": "jsesc@0.4.2"
    },
    "JSONPath": {
      "version": "0.9.1",
      "from": "JSONPath@0.9.1",
      "dependencies": {
        "underscore": {
          "version": "1.3.3",
          "from": "underscore@1.3.3"
        }
      }
    },
    "mongodb": {
      "version": "1.3.19",
      "from": "mongodb@1.3.19",
      "dependencies": {
        "bson": {
          "version": "0.2.2",
          "from": "https://registry.npmjs.org/bson/-/bson-0.2.2.tgz",
          "resolved": "https://registry.npmjs.org/bson/-/bson-0.2.2.tgz"
        },
        "kerberos": {
          "version": "0.0.3",
          "from": "https://registry.npmjs.org/kerberos/-/kerberos-0.0.3.tgz",
          "resolved": "https://registry.npmjs.org/kerberos/-/kerberos-0.0.3.tgz"
        }
      }
    },
    "nodecr": {
      "version": "0.0.5",
      "from": "nodecr@0.0.5",
      "dependencies": {
        "tmp": {
          "version": "0.0.21",
          "from": "tmp@0.0.21"
        }
      }
    },
    "ofuda": {
      "version": "0.3.1",
      "from": "ofuda@>=0.3.1",
      "dependencies": {
        "lodash": {
          "version": "0.8.2",
          "from": "lodash@~0.8.2"
        },
        "cryptiles": {
          "version": "0.0.2",
          "from": "cryptiles@~0.0.1",
          "dependencies": {
            "boom": {
              "version": "0.2.1",
              "from": "boom@0.2.x",
              "dependencies": {
                "hoek": {
                  "version": "0.4.5",
                  "from": "hoek@0.4.x"
                }
              }
            }
          }
        }
      }
    },
    "pdf2json": {
      "version": "0.5.0",
      "from": "pdf2json@0.5.0",
      "dependencies": {
        "xmldom": {
          "version": "0.1.13",
          "from": "xmldom@>=0.1.13"
        },
        "underscore": {
          "version": "1.4.4",
          "from": "underscore@>=1.4.2"
        },
        "optimist": {
          "version": "0.3.5",
          "from": "optimist",
          "dependencies": {
            "wordwrap": {
              "version": "0.0.2",
              "from": "wordwrap@~0.0.2"
            }
          }
        },
        "async": {
          "version": "0.2.6",
          "from": "async@"
        }
      }
    },
    "string": {
      "version": "1.6.0",
      "from": "string@1.6.0"
    },
    "temp": {
      "version": "0.6.0",
      "from": "temp@0.6.0",
      "dependencies": {
        "rimraf": {
          "version": "2.1.4",
          "from": "rimraf@2.1.4",
          "dependencies": {
            "graceful-fs": {
              "version": "1.2.3",
              "from": "graceful-fs@1.2.3"
            }
          }
        },
        "osenv": {
          "version": "0.0.3",
          "from": "https://registry.npmjs.org/osenv/-/osenv-0.0.3.tgz",
          "resolved": "https://registry.npmjs.org/osenv/-/osenv-0.0.3.tgz"
        }
      }
    },
    "underscore": {
      "version": "1.5.2",
      "from": "underscore@1.5.2"
    },
    "xmldom": {
      "version": "0.1.16",
      "from": "xmldom@0.1.16"
    },
    "xpath.js": {
      "version": "0.0.3",
      "from": "xpath.js@0.0.3"
    },
    "yaml": {
      "version": "0.2.3",
      "from": "yaml@0.2.3"
    },
    "sax": {
      "version": "0.5.5",
      "from": "sax@",
      "resolved": "https://registry.npmjs.org/sax/-/sax-0.5.5.tgz"
    }
  }
}
